<Solution>
  <Folder Name="/Itens de Solução/">
    <File Path=".dockerignore" />
    <File Path=".env" />
    <File Path=".env.example" />
    <File Path=".github/workflows/docker-publish.yml" />
    <File Path=".gitignore" />
    <File Path="docker-compose.yml" />
    <File Path="Dockerfile" />
    <File Path="LICENSE" />
    <File Path="README.md" />
  </Folder>
  <Folder Name="/src/">
    <Project Path="src/FCG.Payments.API/API.csproj" />
    <Project Path="src/FCG.Payments.Application/Application.csproj" />
    <Project Path="src/FCG.Payments.Domain/Domain.csproj" />
    <Project Path="src/FCG.Payments.Infrastructure/Infrastructure.csproj" />
  </Folder>
  <Folder Name="/tests/">
    <Project Path="Tests/Tests.csproj" />
  </Folder>
</Solution>
